
Microsoft Visual Studio Solution File, Format Version 12.00
Project("{FAE04EC0-301F-11D3-BF4B-00C04F79EFBC}") = "MsBuildNugetBuild", "MsBuildNugetBuild\MsBuildNugetBuild.csproj", "{B3C45207-96AC-4DEE-850D-1E60D28F674F}"
EndProject
Project("{FAE04EC0-301F-11D3-BF4B-00C04F79EFBC}") = "Level1ClassLib", "Level1ClassLib\Level1ClassLib.csproj", "{99303E3B-3B65-423A-8A46-383BB2271CF1}"
EndProject
Project("{FAE04EC0-301F-11D3-BF4B-00C04F79EFBC}") = "Level3ClassLib", "Level3ClassLib\Level3ClassLib.csproj", "{69FDC652-2876-4726-9CFC-23DD05B1B771}"
EndProject
Project("{FAE04EC0-301F-11D3-BF4B-00C04F79EFBC}") = "Level2ClassLib", "Level2ClassLib\Level2ClassLib.csproj", "{F9FE427C-B0B1-48D6-BC1D-37CB4689FF7A}"
EndProject
Global
	GlobalSection(SolutionConfigurationPlatforms) = preSolution
		Debug|Any CPU = Debug|Any CPU
		Release|Any CPU = Release|Any CPU
	EndGlobalSection
	GlobalSection(ProjectConfigurationPlatforms) = postSolution
		{B3C45207-96AC-4DEE-850D-1E60D28F674F}.Debug|Any CPU.ActiveCfg = Debug|Any CPU
		{B3C45207-96AC-4DEE-850D-1E60D28F674F}.Debug|Any CPU.Build.0 = Debug|Any CPU
		{B3C45207-96AC-4DEE-850D-1E60D28F674F}.Release|Any CPU.ActiveCfg = Release|Any CPU
		{B3C45207-96AC-4DEE-850D-1E60D28F674F}.Release|Any CPU.Build.0 = Release|Any CPU
		{99303E3B-3B65-423A-8A46-383BB2271CF1}.Debug|Any CPU.ActiveCfg = Debug|Any CPU
		{99303E3B-3B65-423A-8A46-383BB2271CF1}.Debug|Any CPU.Build.0 = Debug|Any CPU
		{99303E3B-3B65-423A-8A46-383BB2271CF1}.Release|Any CPU.ActiveCfg = Release|Any CPU
		{99303E3B-3B65-423A-8A46-383BB2271CF1}.Release|Any CPU.Build.0 = Release|Any CPU
		{69FDC652-2876-4726-9CFC-23DD05B1B771}.Debug|Any CPU.ActiveCfg = Debug|Any CPU
		{69FDC652-2876-4726-9CFC-23DD05B1B771}.Debug|Any CPU.Build.0 = Debug|Any CPU
		{69FDC652-2876-4726-9CFC-23DD05B1B771}.Release|Any CPU.ActiveCfg = Release|Any CPU
		{69FDC652-2876-4726-9CFC-23DD05B1B771}.Release|Any CPU.Build.0 = Release|Any CPU
		{F9FE427C-B0B1-48D6-BC1D-37CB4689FF7A}.Debug|Any CPU.ActiveCfg = Debug|Any CPU
		{F9FE427C-B0B1-48D6-BC1D-37CB4689FF7A}.Debug|Any CPU.Build.0 = Debug|Any CPU
		{F9FE427C-B0B1-48D6-BC1D-37CB4689FF7A}.Release|Any CPU.ActiveCfg = Release|Any CPU
		{F9FE427C-B0B1-48D6-BC1D-37CB4689FF7A}.Release|Any CPU.Build.0 = Release|Any CPU
	EndGlobalSection
EndGlobal
